// !$*UTF8*$!
{
	archiveVersion = 1;
	classes = {
	};
	objectVersion = 46;
	objects = {

/* Begin PBXBuildFile section */
		8B568F421ED99B47001B7961 /* MyParticle.sks in Resources */ = {isa = PBXBuildFile; fileRef = 8B568F411ED99B47001B7961 /* MyParticle.sks */; };
		8B568F441EDB7DA6001B7961 /* coinGrabSound.wav in Resources */ = {isa = PBXBuildFile; fileRef = 8B568F431EDB7DA6001B7961 /* coinGrabSound.wav */; };
		8B568F481EDB81E6001B7961 /* tapSound.wav in Resources */ = {isa = PBXBuildFile; fileRef = 8B568F471EDB81E6001B7961 /* tapSound.wav */; };
		8B568F4A1EDB81F0001B7961 /* playSound.wav in Resources */ = {isa = PBXBuildFile; fileRef = 8B568F491EDB81F0001B7961 /* playSound.wav */; };
		8B82A5AC1EC4C870001C88D3 /* AppDelegate.swift in Sources */ = {isa = PBXBuildFile; fileRef = 8B82A5AB1EC4C870001C88D3 /* AppDelegate.swift */; };
		8B82A5AE1EC4C870001C88D3 /* GameScene.sks in Resources */ = {isa = PBXBuildFile; fileRef = 8B82A5AD1EC4C870001C88D3 /* GameScene.sks */; };
		8B82A5B01EC4C870001C88D3 /* Actions.sks in Resources */ = {isa = PBXBuildFile; fileRef = 8B82A5AF1EC4C870001C88D3 /* Actions.sks */; };
		8B82A5B21EC4C870001C88D3 /* GameScene.swift in Sources */ = {isa = PBXBuildFile; fileRef = 8B82A5B11EC4C870001C88D3 /* GameScene.swift */; };
		8B82A5B41EC4C870001C88D3 /* GameViewController.swift in Sources */ = {isa = PBXBuildFile; fileRef = 8B82A5B31EC4C870001C88D3 /* GameViewController.swift */; };
		8B82A5B71EC4C870001C88D3 /* Main.storyboard in Resources */ = {isa = PBXBuildFile; fileRef = 8B82A5B51EC4C870001C88D3 /* Main.storyboard */; };
		8B82A5B91EC4C870001C88D3 /* Assets.xcassets in Resources */ = {isa = PBXBuildFile; fileRef = 8B82A5B81EC4C870001C88D3 /* Assets.xcassets */; };
		8B82A5BC1EC4C870001C88D3 /* LaunchScreen.storyboard in Resources */ = {isa = PBXBuildFile; fileRef = 8B82A5BA1EC4C870001C88D3 /* LaunchScreen.storyboard */; };
		8B82A5C71EC4C870001C88D3 /* TaperumTests.swift in Sources */ = {isa = PBXBuildFile; fileRef = 8B82A5C61EC4C870001C88D3 /* TaperumTests.swift */; };
		8B82A5D21EC4C870001C88D3 /* TaperumUITests.swift in Sources */ = {isa = PBXBuildFile; fileRef = 8B82A5D11EC4C870001C88D3 /* TaperumUITests.swift */; };
		8B847AE91ED4992500682AB0 /* MenuScene.sks in Resources */ = {isa = PBXBuildFile; fileRef = 8B847AE81ED4992500682AB0 /* MenuScene.sks */; };
		8B847AEB1ED49C0200682AB0 /* MenuScene.swift in Sources */ = {isa = PBXBuildFile; fileRef = 8B847AEA1ED49C0200682AB0 /* MenuScene.swift */; };
		8BA9ED301ED4C67A008B2DC0 /* GameOverScene.sks in Resources */ = {isa = PBXBuildFile; fileRef = 8BA9ED2F1ED4C67A008B2DC0 /* GameOverScene.sks */; };
		8BA9ED321ED4C716008B2DC0 /* GameOverScene.swift in Sources */ = {isa = PBXBuildFile; fileRef = 8BA9ED311ED4C716008B2DC0 /* GameOverScene.swift */; };
/* End PBXBuildFile section */

/* Begin PBXContainerItemProxy section */
		8B82A5C31EC4C870001C88D3 /* PBXContainerItemProxy */ = {
			isa = PBXContainerItemProxy;
			containerPortal = 8B82A5A01EC4C870001C88D3 /* Project object */;
			proxyType = 1;
			remoteGlobalIDString = 8B82A5A71EC4C870001C88D3;
			remoteInfo = Taperum;
		};
		8B82A5CE1EC4C870001C88D3 /* PBXContainerItemProxy */ = {
			isa = PBXContainerItemProxy;
			containerPortal = 8B82A5A01EC4C870001C88D3 /* Project object */;
			proxyType = 1;
			remoteGlobalIDString = 8B82A5A71EC4C870001C88D3;
			remoteInfo = Taperum;
		};
/* End PBXContainerItemProxy section */

/* Begin PBXFileReference section */
		8B568F411ED99B47001B7961 /* MyParticle.sks */ = {isa = PBXFileReference; lastKnownFileType = file.sks; path = MyParticle.sks; sourceTree = "<group>"; };
		8B568F431EDB7DA6001B7961 /* coinGrabSound.wav */ = {isa = PBXFileReference; lastKnownFileType = audio.wav; path = coinGrabSound.wav; sourceTree = "<group>"; };
		8B568F471EDB81E6001B7961 /* tapSound.wav */ = {isa = PBXFileReference; lastKnownFileType = audio.wav; path = tapSound.wav; sourceTree = "<group>"; };
		8B568F491EDB81F0001B7961 /* playSound.wav */ = {isa = PBXFileReference; lastKnownFileType = audio.wav; path = playSound.wav; sourceTree = "<group>"; };
		8B82A5A81EC4C870001C88D3 /* Taperum.app */ = {isa = PBXFileReference; explicitFileType = wrapper.application; includeInIndex = 0; path = Taperum.app; sourceTree = BUILT_PRODUCTS_DIR; };
		8B82A5AB1EC4C870001C88D3 /* AppDelegate.swift */ = {isa = PBXFileReference; lastKnownFileType = sourcecode.swift; path = AppDelegate.swift; sourceTree = "<group>"; };
		8B82A5AD1EC4C870001C88D3 /* GameScene.sks */ = {isa = PBXFileReference; lastKnownFileType = file.sks; path = GameScene.sks; sourceTree = "<group>"; };
		8B82A5AF1EC4C870001C88D3 /* Actions.sks */ = {isa = PBXFileReference; lastKnownFileType = file.sks; path = Actions.sks; sourceTree = "<group>"; };
		8B82A5B11EC4C870001C88D3 /* GameScene.swift */ = {isa = PBXFileReference; lastKnownFileType = sourcecode.swift; path = GameScene.swift; sourceTree = "<group>"; };
		8B82A5B31EC4C870001C88D3 /* GameViewController.swift */ = {isa = PBXFileReference; lastKnownFileType = sourcecode.swift; path = GameViewController.swift; sourceTree = "<group>"; };
		8B82A5B61EC4C870001C88D3 /* Base */ = {isa = PBXFileReference; lastKnownFileType = file.storyboard; name = Base; path = Base.lproj/Main.storyboard; sourceTree = "<group>"; };
		8B82A5B81EC4C870001C88D3 /* Assets.xcassets */ = {isa = PBXFileReference; lastKnownFileType = folder.assetcatalog; path = Assets.xcassets; sourceTree = "<group>"; };
		8B82A5BB1EC4C870001C88D3 /* Base */ = {isa = PBXFileReference; lastKnownFileType = file.storyboard; name = Base; path = Base.lproj/LaunchScreen.storyboard; sourceTree = "<group>"; };
		8B82A5BD1EC4C870001C88D3 /* Info.plist */ = {isa = PBXFileReference; lastKnownFileType = text.plist.xml; path = Info.plist; sourceTree = "<group>"; };
		8B82A5C21EC4C870001C88D3 /* TaperumTests.xctest */ = {isa = PBXFileReference; explicitFileType = wrapper.cfbundle; includeInIndex = 0; path = TaperumTests.xctest; sourceTree = BUILT_PRODUCTS_DIR; };
		8B82A5C61EC4C870001C88D3 /* TaperumTests.swift */ = {isa = PBXFileReference; lastKnownFileType = sourcecode.swift; path = TaperumTests.swift; sourceTree = "<group>"; };
		8B82A5C81EC4C870001C88D3 /* Info.plist */ = {isa = PBXFileReference; lastKnownFileType = text.plist.xml; path = Info.plist; sourceTree = "<group>"; };
		8B82A5CD1EC4C870001C88D3 /* TaperumUITests.xctest */ = {isa = PBXFileReference; explicitFileType = wrapper.cfbundle; includeInIndex = 0; path = TaperumUITests.xctest; sourceTree = BUILT_PRODUCTS_DIR; };
		8B82A5D11EC4C870001C88D3 /* TaperumUITests.swift */ = {isa = PBXFileReference; lastKnownFileType = sourcecode.swift; path = TaperumUITests.swift; sourceTree = "<group>"; };
		8B82A5D31EC4C870001C88D3 /* Info.plist */ = {isa = PBXFileReference; lastKnownFileType = text.plist.xml; path = Info.plist; sourceTree = "<group>"; };
		8B847AE81ED4992500682AB0 /* MenuScene.sks */ = {isa = PBXFileReference; lastKnownFileType = file.sks; name = MenuScene.sks; path = ../MenuScene.sks; sourceTree = "<group>"; };
		8B847AEA1ED49C0200682AB0 /* MenuScene.swift */ = {isa = PBXFileReference; fileEncoding = 4; lastKnownFileType = sourcecode.swift; path = MenuScene.swift; sourceTree = "<group>"; };
		8BA9ED2F1ED4C67A008B2DC0 /* GameOverScene.sks */ = {isa = PBXFileReference; lastKnownFileType = file.sks; name = GameOverScene.sks; path = ../GameOverScene.sks; sourceTree = "<group>"; };
		8BA9ED311ED4C716008B2DC0 /* GameOverScene.swift */ = {isa = PBXFileReference; fileEncoding = 4; lastKnownFileType = sourcecode.swift; path = GameOverScene.swift; sourceTree = "<group>"; };
/* End PBXFileReference section */

/* Begin PBXFrameworksBuildPhase section */
		8B82A5A51EC4C870001C88D3 /* Frameworks */ = {
			isa = PBXFrameworksBuildPhase;
			buildActionMask = 2147483647;
			files = (
			);
			runOnlyForDeploymentPostprocessing = 0;
		};
		8B82A5BF1EC4C870001C88D3 /* Frameworks */ = {
			isa = PBXFrameworksBuildPhase;
			buildActionMask = 2147483647;
			files = (
			);
			runOnlyForDeploymentPostprocessing = 0;
		};
		8B82A5CA1EC4C870001C88D3 /* Frameworks */ = {
			isa = PBXFrameworksBuildPhase;
			buildActionMask = 2147483647;
			files = (
			);
			runOnlyForDeploymentPostprocessing = 0;
		};
/* End PBXFrameworksBuildPhase section */

/* Begin PBXGroup section */
		8B82A59F1EC4C870001C88D3 = {
			isa = PBXGroup;
			children = (
				8B82A5AA1EC4C870001C88D3 /* Taperum */,
				8B82A5C51EC4C870001C88D3 /* TaperumTests */,
				8B82A5D01EC4C870001C88D3 /* TaperumUITests */,
				8B82A5A91EC4C870001C88D3 /* Products */,
			);
			sourceTree = "<group>";
		};
		8B82A5A91EC4C870001C88D3 /* Products */ = {
			isa = PBXGroup;
			children = (
				8B82A5A81EC4C870001C88D3 /* Taperum.app */,
				8B82A5C21EC4C870001C88D3 /* TaperumTests.xctest */,
				8B82A5CD1EC4C870001C88D3 /* TaperumUITests.xctest */,
			);
			name = Products;
			sourceTree = "<group>";
		};
		8B82A5AA1EC4C870001C88D3 /* Taperum */ = {
			isa = PBXGroup;
			children = (
				8B82A5AB1EC4C870001C88D3 /* AppDelegate.swift */,
				8B82A5AF1EC4C870001C88D3 /* Actions.sks */,
				8B847AE81ED4992500682AB0 /* MenuScene.sks */,
				8B847AEA1ED49C0200682AB0 /* MenuScene.swift */,
				8BA9ED2F1ED4C67A008B2DC0 /* GameOverScene.sks */,
				8BA9ED311ED4C716008B2DC0 /* GameOverScene.swift */,
				8B82A5AD1EC4C870001C88D3 /* GameScene.sks */,
				8B82A5B11EC4C870001C88D3 /* GameScene.swift */,
				8B82A5B31EC4C870001C88D3 /* GameViewController.swift */,
				8B82A5B51EC4C870001C88D3 /* Main.storyboard */,
				8B568F491EDB81F0001B7961 /* playSound.wav */,
				8B568F431EDB7DA6001B7961 /* coinGrabSound.wav */,
				8B568F471EDB81E6001B7961 /* tapSound.wav */,
				8B82A5B81EC4C870001C88D3 /* Assets.xcassets */,
				8B82A5BA1EC4C870001C88D3 /* LaunchScreen.storyboard */,
				8B82A5BD1EC4C870001C88D3 /* Info.plist */,
				8B568F411ED99B47001B7961 /* MyParticle.sks */,
			);
			path = Taperum;
			sourceTree = "<group>";
		};
		8B82A5C51EC4C870001C88D3 /* TaperumTests */ = {
			isa = PBXGroup;
			children = (
				8B82A5C61EC4C870001C88D3 /* TaperumTests.swift */,
				8B82A5C81EC4C870001C88D3 /* Info.plist */,
			);
			path = TaperumTests;
			sourceTree = "<group>";
		};
		8B82A5D01EC4C870001C88D3 /* TaperumUITests */ = {
			isa = PBXGroup;
			children = (
				8B82A5D11EC4C870001C88D3 /* TaperumUITests.swift */,
				8B82A5D31EC4C870001C88D3 /* Info.plist */,
			);
			path = TaperumUITests;
			sourceTree = "<group>";
		};
/* End PBXGroup section */

/* Begin PBXNativeTarget section */
		8B82A5A71EC4C870001C88D3 /* Taperum */ = {
			isa = PBXNativeTarget;
			buildConfigurationList = 8B82A5D61EC4C870001C88D3 /* Build configuration list for PBXNativeTarget "Taperum" */;
			buildPhases = (
				8B82A5A41EC4C870001C88D3 /* Sources */,
				8B82A5A51EC4C870001C88D3 /* Frameworks */,
				8B82A5A61EC4C870001C88D3 /* Resources */,
			);
			buildRules = (
			);
			dependencies = (
			);
			name = Taperum;
			productName = Taperum;
			productReference = 8B82A5A81EC4C870001C88D3 /* Taperum.app */;
			productType = "com.apple.product-type.application";
		};
		8B82A5C11EC4C870001C88D3 /* TaperumTests */ = {
			isa = PBXNativeTarget;
			buildConfigurationList = 8B82A5D91EC4C870001C88D3 /* Build configuration list for PBXNativeTarget "TaperumTests" */;
			buildPhases = (
				8B82A5BE1EC4C870001C88D3 /* Sources */,
				8B82A5BF1EC4C870001C88D3 /* Frameworks */,
				8B82A5C01EC4C870001C88D3 /* Resources */,
			);
			buildRules = (
			);
			dependencies = (
				8B82A5C41EC4C870001C88D3 /* PBXTargetDependency */,
			);
			name = TaperumTests;
			productName = TaperumTests;
			productReference = 8B82A5C21EC4C870001C88D3 /* TaperumTests.xctest */;
			productType = "com.apple.product-type.bundle.unit-test";
		};
		8B82A5CC1EC4C870001C88D3 /* TaperumUITests */ = {
			isa = PBXNativeTarget;
			buildConfigurationList = 8B82A5DC1EC4C870001C88D3 /* Build configuration list for PBXNativeTarget "TaperumUITests" */;
			buildPhases = (
				8B82A5C91EC4C870001C88D3 /* Sources */,
				8B82A5CA1EC4C870001C88D3 /* Frameworks */,
				8B82A5CB1EC4C870001C88D3 /* Resources */,
			);
			buildRules = (
			);
			dependencies = (
				8B82A5CF1EC4C870001C88D3 /* PBXTargetDependency */,
			);
			name = TaperumUITests;
			productName = TaperumUITests;
			productReference = 8B82A5CD1EC4C870001C88D3 /* TaperumUITests.xctest */;
			productType = "com.apple.product-type.bundle.ui-testing";
		};
/* End PBXNativeTarget section */

/* Begin PBXProject section */
		8B82A5A01EC4C870001C88D3 /* Project object */ = {
			isa = PBXProject;
			attributes = {
				LastSwiftUpdateCheck = 0830;
				LastUpgradeCheck = 0830;
				ORGANIZATIONNAME = "The Glass House Studios";
				TargetAttributes = {
					8B82A5A71EC4C870001C88D3 = {
						CreatedOnToolsVersion = 8.3.2;
						DevelopmentTeam = 3H6K3KJDMH;
						ProvisioningStyle = Automatic;
					};
					8B82A5C11EC4C870001C88D3 = {
						CreatedOnToolsVersion = 8.3.2;
						DevelopmentTeam = 3H6K3KJDMH;
						ProvisioningStyle = Automatic;
						TestTargetID = 8B82A5A71EC4C870001C88D3;
					};
					8B82A5CC1EC4C870001C88D3 = {
						CreatedOnToolsVersion = 8.3.2;
						DevelopmentTeam = 3H6K3KJDMH;
						ProvisioningStyle = Automatic;
						TestTargetID = 8B82A5A71EC4C870001C88D3;
					};
				};
			};
			buildConfigurationList = 8B82A5A31EC4C870001C88D3 /* Build configuration list for PBXProject "Taperum" */;
			compatibilityVersion = "Xcode 3.2";
			developmentRegion = English;
			hasScannedForEncodings = 0;
			knownRegions = (
				en,
				Base,
			);
			mainGroup = 8B82A59F1EC4C870001C88D3;
			productRefGroup = 8B82A5A91EC4C870001C88D3 /* Products */;
			projectDirPath = "";
			projectRoot = "";
			targets = (
				8B82A5A71EC4C870001C88D3 /* Taperum */,
				8B82A5C11EC4C870001C88D3 /* TaperumTests */,
				8B82A5CC1EC4C870001C88D3 /* TaperumUITests */,
			);
		};
/* End PBXProject section */

/* Begin PBXResourcesBuildPhase section */
		8B82A5A61EC4C870001C88D3 /* Resources */ = {
			isa = PBXResourcesBuildPhase;
			buildActionMask = 2147483647;
			files = (
				8B568F481EDB81E6001B7961 /* tapSound.wav in Resources */,
				8B82A5B71EC4C870001C88D3 /* Main.storyboard in Resources */,
				8B847AE91ED4992500682AB0 /* MenuScene.sks in Resources */,
				8B568F4A1EDB81F0001B7961 /* playSound.wav in Resources */,
				8B82A5AE1EC4C870001C88D3 /* GameScene.sks in Resources */,
				8BA9ED301ED4C67A008B2DC0 /* GameOverScene.sks in Resources */,
				8B82A5B91EC4C870001C88D3 /* Assets.xcassets in Resources */,
				8B568F441EDB7DA6001B7961 /* coinGrabSound.wav in Resources */,
				8B82A5BC1EC4C870001C88D3 /* LaunchScreen.storyboard in Resources */,
				8B82A5B01EC4C870001C88D3 /* Actions.sks in Resources */,
				8B568F421ED99B47001B7961 /* MyParticle.sks in Resources */,
			);
			runOnlyForDeploymentPostprocessing = 0;
		};
		8B82A5C01EC4C870001C88D3 /* Resources */ = {
			isa = PBXResourcesBuildPhase;
			buildActionMask = 2147483647;
			files = (
			);
			runOnlyForDeploymentPostprocessing = 0;
		};
		8B82A5CB1EC4C870001C88D3 /* Resources */ = {
			isa = PBXResourcesBuildPhase;
			buildActionMask = 2147483647;
			files = (
			);
			runOnlyForDeploymentPostprocessing = 0;
		};
/* End PBXResourcesBuildPhase section */

/* Begin PBXSourcesBuildPhase section */
		8B82A5A41EC4C870001C88D3 /* Sources */ = {
			isa = PBXSourcesBuildPhase;
			buildActionMask = 2147483647;
			files = (
				8B82A5B21EC4C870001C88D3 /* GameScene.swift in Sources */,
				8B847AEB1ED49C0200682AB0 /* MenuScene.swift in Sources */,
				8B82A5B41EC4C870001C88D3 /* GameViewController.swift in Sources */,
				8BA9ED321ED4C716008B2DC0 /* GameOverScene.swift in Sources */,
				8B82A5AC1EC4C870001C88D3 /* AppDelegate.swift in Sources */,
			);
			runOnlyForDeploymentPostprocessing = 0;
		};
		8B82A5BE1EC4C870001C88D3 /* Sources */ = {
			isa = PBXSourcesBuildPhase;
			buildActionMask = 2147483647;
			files = (
				8B82A5C71EC4C870001C88D3 /* TaperumTests.swift in Sources */,
			);
			runOnlyForDeploymentPostprocessing = 0;
		};
		8B82A5C91EC4C870001C88D3 /* Sources */ = {
			isa = PBXSourcesBuildPhase;
			buildActionMask = 2147483647;
			files = (
				8B82A5D21EC4C870001C88D3 /* TaperumUITests.swift in Sources */,
			);
			runOnlyForDeploymentPostprocessing = 0;
		};
/* End PBXSourcesBuildPhase section */

/* Begin PBXTargetDependency section */
		8B82A5C41EC4C870001C88D3 /* PBXTargetDependency */ = {
			isa = PBXTargetDependency;
			target = 8B82A5A71EC4C870001C88D3 /* Taperum */;
			targetProxy = 8B82A5C31EC4C870001C88D3 /* PBXContainerItemProxy */;
		};
		8B82A5CF1EC4C870001C88D3 /* PBXTargetDependency */ = {
			isa = PBXTargetDependency;
			target = 8B82A5A71EC4C870001C88D3 /* Taperum */;
			targetProxy = 8B82A5CE1EC4C870001C88D3 /* PBXContainerItemProxy */;
		};
/* End PBXTargetDependency section */

/* Begin PBXVariantGroup section */
		8B82A5B51EC4C870001C88D3 /* Main.storyboard */ = {
			isa = PBXVariantGroup;
			children = (
				8B82A5B61EC4C870001C88D3 /* Base */,
			);
			name = Main.storyboard;
			sourceTree = "<group>";
		};
		8B82A5BA1EC4C870001C88D3 /* LaunchScreen.storyboard */ = {
			isa = PBXVariantGroup;
			children = (
				8B82A5BB1EC4C870001C88D3 /* Base */,
			);
			name = LaunchScreen.storyboard;
			sourceTree = "<group>";
		};
/* End PBXVariantGroup section */

/* Begin XCBuildConfiguration section */
		8B82A5D41EC4C870001C88D3 /* Debug */ = {
			isa = XCBuildConfiguration;
			buildSettings = {
				ALWAYS_SEARCH_USER_PATHS = NO;
				CLANG_ANALYZER_NONNULL = YES;
				CLANG_ANALYZER_NUMBER_OBJECT_CONVERSION = YES_AGGRESSIVE;
				CLANG_CXX_LANGUAGE_STANDARD = "gnu++0x";
				CLANG_CXX_LIBRARY = "libc++";
				CLANG_ENABLE_MODULES = YES;
				CLANG_ENABLE_OBJC_ARC = YES;
				CLANG_WARN_BOOL_CONVERSION = YES;
				CLANG_WARN_CONSTANT_CONVERSION = YES;
				CLANG_WARN_DIRECT_OBJC_ISA_USAGE = YES_ERROR;
				CLANG_WARN_DOCUMENTATION_COMMENTS = YES;
				CLANG_WARN_EMPTY_BODY = YES;
				CLANG_WARN_ENUM_CONVERSION = YES;
				CLANG_WARN_INFINITE_RECURSION = YES;
				CLANG_WARN_INT_CONVERSION = YES;
				CLANG_WARN_OBJC_ROOT_CLASS = YES_ERROR;
				CLANG_WARN_SUSPICIOUS_MOVE = YES;
				CLANG_WARN_UNREACHABLE_CODE = YES;
				CLANG_WARN__DUPLICATE_METHOD_MATCH = YES;
				"CODE_SIGN_IDENTITY[sdk=iphoneos*]" = "iPhone Developer";
				COPY_PHASE_STRIP = NO;
				DEBUG_ACTIVITY_MODE = "";
				"DEBUG_ACTIVITY_MODE[sdk=iphonesimulator*]" = disable;
				DEBUG_INFORMATION_FORMAT = dwarf;
				ENABLE_STRICT_OBJC_MSGSEND = YES;
				ENABLE_TESTABILITY = YES;
				GCC_C_LANGUAGE_STANDARD = gnu99;
				GCC_DYNAMIC_NO_PIC = NO;
				GCC_NO_COMMON_BLOCKS = YES;
				GCC_OPTIMIZATION_LEVEL = 0;
				GCC_PREPROCESSOR_DEFINITIONS = (
					"DEBUG=1",
					"$(inherited)",
				);
				GCC_WARN_64_TO_32_BIT_CONVERSION = YES;
				GCC_WARN_ABOUT_RETURN_TYPE = YES_ERROR;
				GCC_WARN_UNDECLARED_SELECTOR = YES;
				GCC_WARN_UNINITIALIZED_AUTOS = YES_AGGRESSIVE;
				GCC_WARN_UNUSED_FUNCTION = YES;
				GCC_WARN_UNUSED_VARIABLE = YES;
				IPHONEOS_DEPLOYMENT_TARGET = 10.3;
				MTL_ENABLE_DEBUG_INFO = YES;
				ONLY_ACTIVE_ARCH = YES;
				SDKROOT = iphoneos;
				SWIFT_ACTIVE_COMPILATION_CONDITIONS = DEBUG;
				SWIFT_OPTIMIZATION_LEVEL = "-Onone";
			};
			name = Debug;
		};
		8B82A5D51EC4C870001C88D3 /* Release */ = {
			isa = XCBuildConfiguration;
			buildSettings = {
				ALWAYS_SEARCH_USER_PATHS = NO;
				CLANG_ANALYZER_NONNULL = YES;
				CLANG_ANALYZER_NUMBER_OBJECT_CONVERSION = YES_AGGRESSIVE;
				CLANG_CXX_LANGUAGE_STANDARD = "gnu++0x";
				CLANG_CXX_LIBRARY = "libc++";
				CLANG_ENABLE_MODULES = YES;
				CLANG_ENABLE_OBJC_ARC = YES;
				CLANG_WARN_BOOL_CONVERSION = YES;
				CLANG_WARN_CONSTANT_CONVERSION = YES;
				CLANG_WARN_DIRECT_OBJC_ISA_USAGE = YES_ERROR;
				CLANG_WARN_DOCUMENTATION_COMMENTS = YES;
				CLANG_WARN_EMPTY_BODY = YES;
				CLANG_WARN_ENUM_CONVERSION = YES;
				CLANG_WARN_INFINITE_RECURSION = YES;
				CLANG_WARN_INT_CONVERSION = YES;
				CLANG_WARN_OBJC_ROOT_CLASS = YES_ERROR;
				CLANG_WARN_SUSPICIOUS_MOVE = YES;
				CLANG_WARN_UNREACHABLE_CODE = YES;
				CLANG_WARN__DUPLICATE_METHOD_MATCH = YES;
				"CODE_SIGN_IDENTITY[sdk=iphoneos*]" = "iPhone Developer";
				COPY_PHASE_STRIP = NO;
				DEBUG_ACTIVITY_MODE = "";
				DEBUG_INFORMATION_FORMAT = "dwarf-with-dsym";
				ENABLE_NS_ASSERTIONS = NO;
				ENABLE_STRICT_OBJC_MSGSEND = YES;
				GCC_C_LANGUAGE_STANDARD = gnu99;
				GCC_NO_COMMON_BLOCKS = YES;
				GCC_WARN_64_TO_32_BIT_CONVERSION = YES;
				GCC_WARN_ABOUT_RETURN_TYPE = YES_ERROR;
				GCC_WARN_UNDECLARED_SELECTOR = YES;
				GCC_WARN_UNINITIALIZED_AUTOS = YES_AGGRESSIVE;
				GCC_WARN_UNUSED_FUNCTION = YES;
				GCC_WARN_UNUSED_VARIABLE = YES;
				IPHONEOS_DEPLOYMENT_TARGET = 10.3;
				MTL_ENABLE_DEBUG_INFO = NO;
				SDKROOT = iphoneos;
				SWIFT_OPTIMIZATION_LEVEL = "-Owholemodule";
				VALIDATE_PRODUCT = YES;
			};
			name = Release;
		};
		8B82A5D71EC4C870001C88D3 /* Debug */ = {
			isa = XCBuildConfiguration;
			buildSettings = {
				ASSETCATALOG_COMPILER_APPICON_NAME = AppIcon;
				DEVELOPMENT_TEAM = 3H6K3KJDMH;
				INFOPLIST_FILE = Taperum/Info.plist;
				IPHONEOS_DEPLOYMENT_TARGET = 10.0;
				LD_RUNPATH_SEARCH_PATHS = "$(inherited) @executable_path/Frameworks";
				PRODUCT_BUNDLE_IDENTIFIER = com.TheGlassHouseStudios.Taperum;
				PRODUCT_NAME = "$(TARGET_NAME)";
				SWIFT_VERSION = 3.0;
			};
			name = Debug;
		};
		8B82A5D81EC4C870001C88D3 /* Release */ = {
			isa = XCBuildConfiguration;
			buildSettings = {
				ASSETCATALOG_COMPILER_APPICON_NAME = AppIcon;
				DEVELOPMENT_TEAM = 3H6K3KJDMH;
				INFOPLIST_FILE = Taperum/Info.plist;
				IPHONEOS_DEPLOYMENT_TARGET = 10.0;
				LD_RUNPATH_SEARCH_PATHS = "$(inherited) @executable_path/Frameworks";
				PRODUCT_BUNDLE_IDENTIFIER = com.TheGlassHouseStudios.Taperum;
				PRODUCT_NAME = "$(TARGET_NAME)";
				SWIFT_VERSION = 3.0;
			};
			name = Release;
		};
		8B82A5DA1EC4C870001C88D3 /* Debug */ = {
			isa = XCBuildConfiguration;
			buildSettings = {
				ALWAYS_EMBED_SWIFT_STANDARD_LIBRARIES = YES;
				BUNDLE_LOADER = "$(TEST_HOST)";
				DEVELOPMENT_TEAM = 3H6K3KJDMH;
				INFOPLIST_FILE = TaperumTests/Info.plist;
				LD_RUNPATH_SEARCH_PATHS = "$(inherited) @executable_path/Frameworks @loader_path/Frameworks";
				PRODUCT_BUNDLE_IDENTIFIER = com.TheGlassHouseStudios.TaperumTests;
				PRODUCT_NAME = "$(TARGET_NAME)";
				SWIFT_VERSION = 3.0;
				TEST_HOST = "$(BUILT_PRODUCTS_DIR)/Taperum.app/Taperum";
			};
			name = Debug;
		};
		8B82A5DB1EC4C870001C88D3 /* Release */ = {
			isa = XCBuildConfiguration;
			buildSettings = {
				ALWAYS_EMBED_SWIFT_STANDARD_LIBRARIES = YES;
				BUNDLE_LOADER = "$(TEST_HOST)";
				DEVELOPMENT_TEAM = 3H6K3KJDMH;
				INFOPLIST_FILE = TaperumTests/Info.plist;
				LD_RUNPATH_SEARCH_PATHS = "$(inherited) @executable_path/Frameworks @loader_path/Frameworks";
				PRODUCT_BUNDLE_IDENTIFIER = com.TheGlassHouseStudios.TaperumTests;
				PRODUCT_NAME = "$(TARGET_NAME)";
				SWIFT_VERSION = 3.0;
				TEST_HOST = "$(BUILT_PRODUCTS_DIR)/Taperum.app/Taperum";
			};
			name = Release;
		};
		8B82A5DD1EC4C870001C88D3 /* Debug */ = {
			isa = XCBuildConfiguration;
			buildSettings = {
				ALWAYS_EMBED_SWIFT_STANDARD_LIBRARIES = YES;
				DEVELOPMENT_TEAM = 3H6K3KJDMH;
				INFOPLIST_FILE = TaperumUITests/Info.plist;
				LD_RUNPATH_SEARCH_PATHS = "$(inherited) @executable_path/Frameworks @loader_path/Frameworks";
				PRODUCT_BUNDLE_IDENTIFIER = com.TheGlassHouseStudios.TaperumUITests;
				PRODUCT_NAME = "$(TARGET_NAME)";
				SWIFT_VERSION = 3.0;
				TEST_TARGET_NAME = Taperum;
			};
			name = Debug;
		};
		8B82A5DE1EC4C870001C88D3 /* Release */ = {
			isa = XCBuildConfiguration;
			buildSettings = {
				ALWAYS_EMBED_SWIFT_STANDARD_LIBRARIES = YES;
				DEVELOPMENT_TEAM = 3H6K3KJDMH;
				INFOPLIST_FILE = TaperumUITests/Info.plist;
				LD_RUNPATH_SEARCH_PATHS = "$(inherited) @executable_path/Frameworks @loader_path/Frameworks";
				PRODUCT_BUNDLE_IDENTIFIER = com.TheGlassHouseStudios.TaperumUITests;
				PRODUCT_NAME = "$(TARGET_NAME)";
				SWIFT_VERSION = 3.0;
				TEST_TARGET_NAME = Taperum;
			};
			name = Release;
		};
/* End XCBuildConfiguration section */

/* Begin XCConfigurationList section */
		8B82A5A31EC4C870001C88D3 /* Build configuration list for PBXProject "Taperum" */ = {
			isa = XCConfigurationList;
			buildConfigurations = (
				8B82A5D41EC4C870001C88D3 /* Debug */,
				8B82A5D51EC4C870001C88D3 /* Release */,
			);
			defaultConfigurationIsVisible = 0;
			defaultConfigurationName = Release;
		};
		8B82A5D61EC4C870001C88D3 /* Build configuration list for PBXNativeTarget "Taperum" */ = {
			isa = XCConfigurationList;
			buildConfigurations = (
				8B82A5D71EC4C870001C88D3 /* Debug */,
				8B82A5D81EC4C870001C88D3 /* Release */,
			);
			defaultConfigurationIsVisible = 0;
			defaultConfigurationName = Release;
		};
		8B82A5D91EC4C870001C88D3 /* Build configuration list for PBXNativeTarget "TaperumTests" */ = {
			isa = XCConfigurationList;
			buildConfigurations = (
				8B82A5DA1EC4C870001C88D3 /* Debug */,
				8B82A5DB1EC4C870001C88D3 /* Release */,
			);
			defaultConfigurationIsVisible = 0;
			defaultConfigurationName = Release;
		};
		8B82A5DC1EC4C870001C88D3 /* Build configuration list for PBXNativeTarget "TaperumUITests" */ = {
			isa = XCConfigurationList;
			buildConfigurations = (
				8B82A5DD1EC4C870001C88D3 /* Debug */,
				8B82A5DE1EC4C870001C88D3 /* Release */,
			);
			defaultConfigurationIsVisible = 0;
			defaultConfigurationName = Release;
		};
/* End XCConfigurationList section */
	};
	rootObject = 8B82A5A01EC4C870001C88D3 /* Project object */;
}
